
Microsoft Visual Studio Solution File, Format Version 12.00
# Visual Studio 14
VisualStudioVersion = 14.0.25123.0
MinimumVisualStudioVersion = 10.0.40219.1
Project("{FAE04EC0-301F-11D3-BF4B-00C04F79EFBC}") = "ContinuumDotNet", "ContinuumDotNet\ContinuumDotNet.csproj", "{36BC8010-DBD2-4D55-A8D6-D16B2B1C02DC}"
EndProject
Project("{FAE04EC0-301F-11D3-BF4B-00C04F79EFBC}") = "ContinuumDotNet.UnitTests", "..\ContinuumDotNet.UnitTests\ContinuumDotNet.UnitTests.csproj", "{FC5B3243-F0F8-4EEA-AD30-9F8D5954A179}"
EndProject
Project("{FAE04EC0-301F-11D3-BF4B-00C04F79EFBC}") = "ContinuumDotNetCLI", "ContinuumDotNetCLI\ContinuumDotNetCLI.csproj", "{0AC512B5-A7C9-48C3-9EB2-E6F6A0EAFFFF}"
EndProject
Project("{2150E333-8FDC-42A3-9474-1A3956D46DE8}") = "Solution Items", "Solution Items", "{65DEC392-A545-43DC-964D-78E89E2922C3}"
	ProjectSection(SolutionItems) = preProject
		Package.nuspec = Package.nuspec
	EndProjectSection
EndProject
Global
	GlobalSection(SolutionConfigurationPlatforms) = preSolution
		Debug|Any CPU = Debug|Any CPU
		Release|Any CPU = Release|Any CPU
	EndGlobalSection
	GlobalSection(ProjectConfigurationPlatforms) = postSolution
		{36BC8010-DBD2-4D55-A8D6-D16B2B1C02DC}.Debug|Any CPU.ActiveCfg = Debug|Any CPU
		{36BC8010-DBD2-4D55-A8D6-D16B2B1C02DC}.Debug|Any CPU.Build.0 = Debug|Any CPU
		{36BC8010-DBD2-4D55-A8D6-D16B2B1C02DC}.Release|Any CPU.ActiveCfg = Release|Any CPU
		{36BC8010-DBD2-4D55-A8D6-D16B2B1C02DC}.Release|Any CPU.Build.0 = Release|Any CPU
		{FC5B3243-F0F8-4EEA-AD30-9F8D5954A179}.Debug|Any CPU.ActiveCfg = Debug|Any CPU
		{FC5B3243-F0F8-4EEA-AD30-9F8D5954A179}.Debug|Any CPU.Build.0 = Debug|Any CPU
		{FC5B3243-F0F8-4EEA-AD30-9F8D5954A179}.Release|Any CPU.ActiveCfg = Release|Any CPU
		{FC5B3243-F0F8-4EEA-AD30-9F8D5954A179}.Release|Any CPU.Build.0 = Release|Any CPU
		{0AC512B5-A7C9-48C3-9EB2-E6F6A0EAFFFF}.Debug|Any CPU.ActiveCfg = Debug|Any CPU
		{0AC512B5-A7C9-48C3-9EB2-E6F6A0EAFFFF}.Debug|Any CPU.Build.0 = Debug|Any CPU
		{0AC512B5-A7C9-48C3-9EB2-E6F6A0EAFFFF}.Release|Any CPU.ActiveCfg = Release|Any CPU
		{0AC512B5-A7C9-48C3-9EB2-E6F6A0EAFFFF}.Release|Any CPU.Build.0 = Release|Any CPU
	EndGlobalSection
	GlobalSection(SolutionProperties) = preSolution
		HideSolutionNode = FALSE
	EndGlobalSection
EndGlobal
